
Microsoft Visual Studio Solution File, Format Version 12.00
# Visual Studio Version 16
VisualStudioVersion = 16.0.31729.503
MinimumVisualStudioVersion = 10.0.40219.1
Project("{FAE04EC0-301F-11D3-BF4B-00C04F79EFBC}") = "MyNote", "MyNote\MyNote.csproj", "{304587C3-BF35-4759-BFA7-A56560FA9177}"
EndProject
Project("{FAE04EC0-301F-11D3-BF4B-00C04F79EFBC}") = "Contracts", "Contracts\Contracts.csproj", "{16453E2B-5DA0-45A5-BB8B-34F6DF644B99}"
EndProject
Project("{FAE04EC0-301F-11D3-BF4B-00C04F79EFBC}") = "Entities", "Entities\Entities.csproj", "{E91CD117-D58E-4AD1-8AA8-58499FC90507}"
EndProject
Project("{FAE04EC0-301F-11D3-BF4B-00C04F79EFBC}") = "Repository", "Repository\Repository.csproj", "{CF714B0F-9FCA-4D61-BE2A-E5B85F5F41EE}"
EndProject
Global
	GlobalSection(SolutionConfigurationPlatforms) = preSolution
		Debug|Any CPU = Debug|Any CPU
		Release|Any CPU = Release|Any CPU
	EndGlobalSection
	GlobalSection(ProjectConfigurationPlatforms) = postSolution
		{304587C3-BF35-4759-BFA7-A56560FA9177}.Debug|Any CPU.ActiveCfg = Debug|Any CPU
		{304587C3-BF35-4759-BFA7-A56560FA9177}.Debug|Any CPU.Build.0 = Debug|Any CPU
		{304587C3-BF35-4759-BFA7-A56560FA9177}.Release|Any CPU.ActiveCfg = Release|Any CPU
		{304587C3-BF35-4759-BFA7-A56560FA9177}.Release|Any CPU.Build.0 = Release|Any CPU
		{16453E2B-5DA0-45A5-BB8B-34F6DF644B99}.Debug|Any CPU.ActiveCfg = Debug|Any CPU
		{16453E2B-5DA0-45A5-BB8B-34F6DF644B99}.Debug|Any CPU.Build.0 = Debug|Any CPU
		{16453E2B-5DA0-45A5-BB8B-34F6DF644B99}.Release|Any CPU.ActiveCfg = Release|Any CPU
		{16453E2B-5DA0-45A5-BB8B-34F6DF644B99}.Release|Any CPU.Build.0 = Release|Any CPU
		{E91CD117-D58E-4AD1-8AA8-58499FC90507}.Debug|Any CPU.ActiveCfg = Debug|Any CPU
		{E91CD117-D58E-4AD1-8AA8-58499FC90507}.Debug|Any CPU.Build.0 = Debug|Any CPU
		{E91CD117-D58E-4AD1-8AA8-58499FC90507}.Release|Any CPU.ActiveCfg = Release|Any CPU
		{E91CD117-D58E-4AD1-8AA8-58499FC90507}.Release|Any CPU.Build.0 = Release|Any CPU
		{CF714B0F-9FCA-4D61-BE2A-E5B85F5F41EE}.Debug|Any CPU.ActiveCfg = Debug|Any CPU
		{CF714B0F-9FCA-4D61-BE2A-E5B85F5F41EE}.Debug|Any CPU.Build.0 = Debug|Any CPU
		{CF714B0F-9FCA-4D61-BE2A-E5B85F5F41EE}.Release|Any CPU.ActiveCfg = Release|Any CPU
		{CF714B0F-9FCA-4D61-BE2A-E5B85F5F41EE}.Release|Any CPU.Build.0 = Release|Any CPU
	EndGlobalSection
	GlobalSection(SolutionProperties) = preSolution
		HideSolutionNode = FALSE
	EndGlobalSection
	GlobalSection(ExtensibilityGlobals) = postSolution
		SolutionGuid = {43575DFF-A7D2-4E65-87BD-9FC092F4DC03}
	EndGlobalSection
EndGlobal
