
Microsoft Visual Studio Solution File, Format Version 12.00
# Visual Studio Version 16
VisualStudioVersion = 16.0.31729.503
MinimumVisualStudioVersion = 10.0.40219.1
Project("{FAE04EC0-301F-11D3-BF4B-00C04F79EFBC}") = "MyNote", "MyNote\MyNote.csproj", "{304587C3-BF35-4759-BFA7-A56560FA9177}"
EndProject
Global
	GlobalSection(SolutionConfigurationPlatforms) = preSolution
		Debug|Any CPU = Debug|Any CPU
		Release|Any CPU = Release|Any CPU
	EndGlobalSection
	GlobalSection(ProjectConfigurationPlatforms) = postSolution
		{304587C3-BF35-4759-BFA7-A56560FA9177}.Debug|Any CPU.ActiveCfg = Debug|Any CPU
		{304587C3-BF35-4759-BFA7-A56560FA9177}.Debug|Any CPU.Build.0 = Debug|Any CPU
		{304587C3-BF35-4759-BFA7-A56560FA9177}.Release|Any CPU.ActiveCfg = Release|Any CPU
		{304587C3-BF35-4759-BFA7-A56560FA9177}.Release|Any CPU.Build.0 = Release|Any CPU
	EndGlobalSection
	GlobalSection(SolutionProperties) = preSolution
		HideSolutionNode = FALSE
	EndGlobalSection
	GlobalSection(ExtensibilityGlobals) = postSolution
		SolutionGuid = {43575DFF-A7D2-4E65-87BD-9FC092F4DC03}
	EndGlobalSection
EndGlobal
